
Microsoft Visual Studio Solution File, Format Version 12.00
# Visual Studio 2012
Project("{FAE04EC0-301F-11D3-BF4B-00C04F79EFBC}") = "MVC4Bootstrap", "MVC4Bootstrap\MVC4Bootstrap.csproj", "{23BF57C4-7449-4F1B-97F5-F8FDBB40249E}"
EndProject
Project("{FAE04EC0-301F-11D3-BF4B-00C04F79EFBC}") = "MVC4Bootstrap.Tests", "MVC4Bootstrap.Tests\MVC4Bootstrap.Tests.csproj", "{0FDA1EBB-C503-4E1C-9991-30EF5E1B9A21}"
EndProject
Global
	GlobalSection(SolutionConfigurationPlatforms) = preSolution
		Debug|Any CPU = Debug|Any CPU
		Release|Any CPU = Release|Any CPU
	EndGlobalSection
	GlobalSection(ProjectConfigurationPlatforms) = postSolution
		{23BF57C4-7449-4F1B-97F5-F8FDBB40249E}.Debug|Any CPU.ActiveCfg = Debug|Any CPU
		{23BF57C4-7449-4F1B-97F5-F8FDBB40249E}.Debug|Any CPU.Build.0 = Debug|Any CPU
		{23BF57C4-7449-4F1B-97F5-F8FDBB40249E}.Release|Any CPU.ActiveCfg = Release|Any CPU
		{23BF57C4-7449-4F1B-97F5-F8FDBB40249E}.Release|Any CPU.Build.0 = Release|Any CPU
		{0FDA1EBB-C503-4E1C-9991-30EF5E1B9A21}.Debug|Any CPU.ActiveCfg = Debug|Any CPU
		{0FDA1EBB-C503-4E1C-9991-30EF5E1B9A21}.Debug|Any CPU.Build.0 = Debug|Any CPU
		{0FDA1EBB-C503-4E1C-9991-30EF5E1B9A21}.Release|Any CPU.ActiveCfg = Release|Any CPU
		{0FDA1EBB-C503-4E1C-9991-30EF5E1B9A21}.Release|Any CPU.Build.0 = Release|Any CPU
		{0FDA1EBB-C503-4E1C-9991-30EF5E1B9A21}.Release|Any CPU.Deploy.0 = Release|Any CPU
	EndGlobalSection
	GlobalSection(SolutionProperties) = preSolution
		HideSolutionNode = FALSE
	EndGlobalSection
EndGlobal
